
Microsoft Visual Studio Solution File, Format Version 12.00
# Visual Studio Version 16
VisualStudioVersion = 16.0.30128.74
MinimumVisualStudioVersion = 10.0.40219.1
Project("{2150E333-8FDC-42A3-9474-1A3956D46DE8}") = "Ip Intelligence", "Ip Intelligence", "{7D3E2592-DB83-4310-9106-6BDA2F40C332}"
EndProject
Project("{2150E333-8FDC-42A3-9474-1A3956D46DE8}") = "Examples", "Examples", "{115D7BD8-A499-4F9F-B5D0-9DB2CBD9B8D8}"
EndProject
Project("{2150E333-8FDC-42A3-9474-1A3956D46DE8}") = "Common", "Common", "{06EAB0A1-E596-43D4-937B-E31E21C24891}"
EndProject
Project("{2150E333-8FDC-42A3-9474-1A3956D46DE8}") = "C", "C", "{EF8F4935-8D8B-49DD-99F3-629994EBF1FA}"
EndProject
Project("{2150E333-8FDC-42A3-9474-1A3956D46DE8}") = "CPP", "CPP", "{B4C2ADEE-0621-4959-8ABD-8D82D4E60077}"
EndProject
Project("{8BC9CEB8-8B4A-11D0-8D11-00A0C91BC942}") = "FiftyOne.IpIntelligence.CPP", "FiftyOne.IpIntelligence.CPP\FiftyOne.IpIntelligence.CPP.vcxproj", "{341FD8CB-9456-4711-BEC8-C4A218FA1C6C}"
EndProject
Project("{8BC9CEB8-8B4A-11D0-8D11-00A0C91BC942}") = "FiftyOne.IpIntelligence.C", "FiftyOne.IpIntelligence.C\FiftyOne.IpIntelligence.C.vcxproj", "{EDDF7B03-A483-4B52-9234-4585AF17B284}"
EndProject
Project("{8BC9CEB8-8B4A-11D0-8D11-00A0C91BC942}") = "Find Profiles", "Examples\C\Find Profiles\Find Profiles.vcxproj", "{C7554674-AC5E-4A29-97DB-3FF11297D14B}"
EndProject
Project("{8BC9CEB8-8B4A-11D0-8D11-00A0C91BC942}") = "Getting Started", "Examples\C\Getting Started\Getting Started.vcxproj", "{7585E7A9-561E-4DE8-BF3E-92976B1D9841}"
EndProject
Project("{8BC9CEB8-8B4A-11D0-8D11-00A0C91BC942}") = "MemIpi", "Examples\C\MemIpi\MemIpi.vcxproj", "{A4C28EA8-3257-4F80-915C-212F7B8BB66E}"
EndProject
Project("{8BC9CEB8-8B4A-11D0-8D11-00A0C91BC942}") = "Offline Processing", "Examples\C\Offline Processing\Offline Processing.vcxproj", "{789EA3F7-7EF3-467B-B401-F6F5D39A17F8}"
EndProject
Project("{8BC9CEB8-8B4A-11D0-8D11-00A0C91BC942}") = "PerfIpi", "Examples\C\PerfHash\PerfHash.vcxproj", "{BD5F447C-E80D-4418-836F-F5DD9A2037AF}"
EndProject
Project("{8BC9CEB8-8B4A-11D0-8D11-00A0C91BC942}") = "Reload From File", "Examples\C\Reload From File\Reload From File.vcxproj", "{28E45A8A-C3D7-46FC-B563-B6E353CCD970}"
EndProject
Project("{8BC9CEB8-8B4A-11D0-8D11-00A0C91BC942}") = "ProcIpi", "Examples\C\ProcIpi\ProcIpi.vcxproj", "{8AEABE6B-8BE6-4B21-97BD-A3C3C7276CD7}"
EndProject
Project("{8BC9CEB8-8B4A-11D0-8D11-00A0C91BC942}") = "Reload From Memory", "Examples\C\Reload From Memory\Reload From Memory.vcxproj", "{08C02792-FE84-4D92-BE4C-1C0171328F27}"
EndProject
Project("{8BC9CEB8-8B4A-11D0-8D11-00A0C91BC942}") = "Strongly Typed", "Examples\C\Strongly Typed\Strongly Typed.vcxproj", "{BE731A07-E830-4089-8C74-450D38048163}"
EndProject
Project("{8BC9CEB8-8B4A-11D0-8D11-00A0C91BC942}") = "ExampleBase", "Examples\CPP\ExampleBase\ExampleBase.vcxproj", "{F56D1795-93B0-4480-AEBD-FF2F1A70E4D3}"
EndProject
Project("{8BC9CEB8-8B4A-11D0-8D11-00A0C91BC942}") = "Getting Started", "Examples\CPP\Getting Started\Getting Started.vcxproj", "{5DECEEFD-EEC2-4E5A-A2C1-EEDA1E5B4F42}"
EndProject
Project("{8BC9CEB8-8B4A-11D0-8D11-00A0C91BC942}") = "Meta Data", "Examples\CPP\Meta Data\Meta Data.vcxproj", "{FB4580BD-7ACE-48C7-BA82-31E218758F58}"
EndProject
Project("{8BC9CEB8-8B4A-11D0-8D11-00A0C91BC942}") = "Reload From File", "Examples\CPP\Reload From File\Reload From File.vcxproj", "{AF824871-ACB6-4F30-81D1-8C6BACC4ED11}"
EndProject
Project("{8BC9CEB8-8B4A-11D0-8D11-00A0C91BC942}") = "Reload From Memory", "Examples\CPP\Reload From Memory\Reload From Memory.vcxproj", "{C5DC037A-BA84-42EF-AF38-414A81EB7441}"
EndProject
Project("{8BC9CEB8-8B4A-11D0-8D11-00A0C91BC942}") = "Strongly Typed", "Examples\CPP\Strongly Typed\Strongly Typed.vcxproj", "{ACA65581-0F59-4647-B52D-C04FA5D02CC2}"
EndProject
Project("{8BC9CEB8-8B4A-11D0-8D11-00A0C91BC942}") = "FiftyOne.Common.C", "FiftyOne.Common.C\FiftyOne.Common.C.vcxproj", "{626F7FB2-8095-4976-B86C-24536519F277}"
EndProject
Project("{8BC9CEB8-8B4A-11D0-8D11-00A0C91BC942}") = "FiftyOne.Common.CPP", "FiftyOne.Common.CPP\FiftyOne.Common.CPP.vcxproj", "{08C2A778-5F07-4294-B534-507678AFDE2B}"
EndProject
Project("{8BC9CEB8-8B4A-11D0-8D11-00A0C91BC942}") = "FiftyOne.IpIntelligence.Tests", "FiftyOne.IpIntelligence.Tests\FiftyOne.IpIntelligence.Tests.vcxproj", "{993E547B-6D10-424C-A6AC-B556056ED80D}"
EndProject
Project("{8BC9CEB8-8B4A-11D0-8D11-00A0C91BC942}") = "Match Data", "Examples\C\MatchData\MatchData.vcxproj", "{B81DC0A8-C9C4-43AC-AB14-F2B6EEAF0EBA}"
EndProject
Project("{8BC9CEB8-8B4A-11D0-8D11-00A0C91BC942}") = "Match Data", "Examples\CPP\Match Data\Match Data.vcxproj", "{C1927E6B-F27C-4A48-B073-61F6B14801AC}"
EndProject
Project("{2150E333-8FDC-42A3-9474-1A3956D46DE8}") = "Google Test", "Google Test", "{22E6561A-C8CB-4759-B75A-6CD9B8DA56E3}"
EndProject
Project("{8BC9CEB8-8B4A-11D0-8D11-00A0C91BC942}") = "gtest", "gtest\gtest.vcxproj", "{67230F11-783B-41D8-896F-D1517E8DC22C}"
EndProject
Project("{8BC9CEB8-8B4A-11D0-8D11-00A0C91BC942}") = "gmock", "gmock\gmock.vcxproj", "{47BBD73B-9F66-45ED-87B9-2FC8439E6985}"
EndProject
Global
	GlobalSection(SolutionConfigurationPlatforms) = preSolution
		Debug|x64 = Debug|x64
		Debug|x86 = Debug|x86
		Debug-MemoryOnly|x64 = Debug-MemoryOnly|x64
		Debug-MemoryOnly|x86 = Debug-MemoryOnly|x86
		Debug-Single|x64 = Debug-Single|x64
		Debug-Single|x86 = Debug-Single|x86
		Release|x64 = Release|x64
		Release|x86 = Release|x86
		Release-MemoryOnly|x64 = Release-MemoryOnly|x64
		Release-MemoryOnly|x86 = Release-MemoryOnly|x86
		Release-Single|x64 = Release-Single|x64
		Release-Single|x86 = Release-Single|x86
	EndGlobalSection
	GlobalSection(ProjectConfigurationPlatforms) = postSolution
		{341FD8CB-9456-4711-BEC8-C4A218FA1C6C}.Debug|x64.ActiveCfg = Debug|x64
		{341FD8CB-9456-4711-BEC8-C4A218FA1C6C}.Debug|x64.Build.0 = Debug|x64
		{341FD8CB-9456-4711-BEC8-C4A218FA1C6C}.Debug|x86.ActiveCfg = Debug|Win32
		{341FD8CB-9456-4711-BEC8-C4A218FA1C6C}.Debug|x86.Build.0 = Debug|Win32
		{341FD8CB-9456-4711-BEC8-C4A218FA1C6C}.Debug-MemoryOnly|x64.ActiveCfg = Debug-MemoryOnly|x64
		{341FD8CB-9456-4711-BEC8-C4A218FA1C6C}.Debug-MemoryOnly|x64.Build.0 = Debug-MemoryOnly|x64
		{341FD8CB-9456-4711-BEC8-C4A218FA1C6C}.Debug-MemoryOnly|x86.ActiveCfg = Debug-MemoryOnly|Win32
		{341FD8CB-9456-4711-BEC8-C4A218FA1C6C}.Debug-MemoryOnly|x86.Build.0 = Debug-MemoryOnly|Win32
		{341FD8CB-9456-4711-BEC8-C4A218FA1C6C}.Debug-Single|x64.ActiveCfg = Debug-Single|x64
		{341FD8CB-9456-4711-BEC8-C4A218FA1C6C}.Debug-Single|x64.Build.0 = Debug-Single|x64
		{341FD8CB-9456-4711-BEC8-C4A218FA1C6C}.Debug-Single|x86.ActiveCfg = Debug-Single|Win32
		{341FD8CB-9456-4711-BEC8-C4A218FA1C6C}.Debug-Single|x86.Build.0 = Debug-Single|Win32
		{341FD8CB-9456-4711-BEC8-C4A218FA1C6C}.Release|x64.ActiveCfg = Release|x64
		{341FD8CB-9456-4711-BEC8-C4A218FA1C6C}.Release|x64.Build.0 = Release|x64
		{341FD8CB-9456-4711-BEC8-C4A218FA1C6C}.Release|x86.ActiveCfg = Release|Win32
		{341FD8CB-9456-4711-BEC8-C4A218FA1C6C}.Release|x86.Build.0 = Release|Win32
		{341FD8CB-9456-4711-BEC8-C4A218FA1C6C}.Release-MemoryOnly|x64.ActiveCfg = Release-MemoryOnly|x64
		{341FD8CB-9456-4711-BEC8-C4A218FA1C6C}.Release-MemoryOnly|x64.Build.0 = Release-MemoryOnly|x64
		{341FD8CB-9456-4711-BEC8-C4A218FA1C6C}.Release-MemoryOnly|x86.ActiveCfg = Release-MemoryOnly|Win32
		{341FD8CB-9456-4711-BEC8-C4A218FA1C6C}.Release-MemoryOnly|x86.Build.0 = Release-MemoryOnly|Win32
		{341FD8CB-9456-4711-BEC8-C4A218FA1C6C}.Release-Single|x64.ActiveCfg = Release-Single|x64
		{341FD8CB-9456-4711-BEC8-C4A218FA1C6C}.Release-Single|x64.Build.0 = Release-Single|x64
		{341FD8CB-9456-4711-BEC8-C4A218FA1C6C}.Release-Single|x86.ActiveCfg = Release-Single|Win32
		{341FD8CB-9456-4711-BEC8-C4A218FA1C6C}.Release-Single|x86.Build.0 = Release-Single|Win32
		{EDDF7B03-A483-4B52-9234-4585AF17B284}.Debug|x64.ActiveCfg = Debug|x64
		{EDDF7B03-A483-4B52-9234-4585AF17B284}.Debug|x64.Build.0 = Debug|x64
		{EDDF7B03-A483-4B52-9234-4585AF17B284}.Debug|x86.ActiveCfg = Debug|Win32
		{EDDF7B03-A483-4B52-9234-4585AF17B284}.Debug|x86.Build.0 = Debug|Win32
		{EDDF7B03-A483-4B52-9234-4585AF17B284}.Debug-MemoryOnly|x64.ActiveCfg = Debug|x64
		{EDDF7B03-A483-4B52-9234-4585AF17B284}.Debug-MemoryOnly|x64.Build.0 = Debug|x64
		{EDDF7B03-A483-4B52-9234-4585AF17B284}.Debug-MemoryOnly|x86.ActiveCfg = Debug|Win32
		{EDDF7B03-A483-4B52-9234-4585AF17B284}.Debug-MemoryOnly|x86.Build.0 = Debug|Win32
		{EDDF7B03-A483-4B52-9234-4585AF17B284}.Debug-Single|x64.ActiveCfg = Debug-Single|x64
		{EDDF7B03-A483-4B52-9234-4585AF17B284}.Debug-Single|x64.Build.0 = Debug-Single|x64
		{EDDF7B03-A483-4B52-9234-4585AF17B284}.Debug-Single|x86.ActiveCfg = Debug-Single|Win32
		{EDDF7B03-A483-4B52-9234-4585AF17B284}.Debug-Single|x86.Build.0 = Debug-Single|Win32
		{EDDF7B03-A483-4B52-9234-4585AF17B284}.Release|x64.ActiveCfg = Release|x64
		{EDDF7B03-A483-4B52-9234-4585AF17B284}.Release|x64.Build.0 = Release|x64
		{EDDF7B03-A483-4B52-9234-4585AF17B284}.Release|x86.ActiveCfg = Release|Win32
		{EDDF7B03-A483-4B52-9234-4585AF17B284}.Release|x86.Build.0 = Release|Win32
		{EDDF7B03-A483-4B52-9234-4585AF17B284}.Release-MemoryOnly|x64.ActiveCfg = Release|x64
		{EDDF7B03-A483-4B52-9234-4585AF17B284}.Release-MemoryOnly|x64.Build.0 = Release|x64
		{EDDF7B03-A483-4B52-9234-4585AF17B284}.Release-MemoryOnly|x86.ActiveCfg = Release|Win32
		{EDDF7B03-A483-4B52-9234-4585AF17B284}.Release-MemoryOnly|x86.Build.0 = Release|Win32
		{EDDF7B03-A483-4B52-9234-4585AF17B284}.Release-Single|x64.ActiveCfg = Release-Single|x64
		{EDDF7B03-A483-4B52-9234-4585AF17B284}.Release-Single|x64.Build.0 = Release-Single|x64
		{EDDF7B03-A483-4B52-9234-4585AF17B284}.Release-Single|x86.ActiveCfg = Release-Single|Win32
		{EDDF7B03-A483-4B52-9234-4585AF17B284}.Release-Single|x86.Build.0 = Release-Single|Win32
		{C7554674-AC5E-4A29-97DB-3FF11297D14B}.Debug|x64.ActiveCfg = Debug|x64
		{C7554674-AC5E-4A29-97DB-3FF11297D14B}.Debug|x64.Build.0 = Debug|x64
		{C7554674-AC5E-4A29-97DB-3FF11297D14B}.Debug|x86.ActiveCfg = Debug|Win32
		{C7554674-AC5E-4A29-97DB-3FF11297D14B}.Debug|x86.Build.0 = Debug|Win32
		{C7554674-AC5E-4A29-97DB-3FF11297D14B}.Debug-MemoryOnly|x64.ActiveCfg = Debug-Single|x64
		{C7554674-AC5E-4A29-97DB-3FF11297D14B}.Debug-MemoryOnly|x64.Build.0 = Debug-Single|x64
		{C7554674-AC5E-4A29-97DB-3FF11297D14B}.Debug-MemoryOnly|x86.ActiveCfg = Debug-Single|Win32
		{C7554674-AC5E-4A29-97DB-3FF11297D14B}.Debug-MemoryOnly|x86.Build.0 = Debug-Single|Win32
		{C7554674-AC5E-4A29-97DB-3FF11297D14B}.Debug-Single|x64.ActiveCfg = Debug-Single|x64
		{C7554674-AC5E-4A29-97DB-3FF11297D14B}.Debug-Single|x64.Build.0 = Debug-Single|x64
		{C7554674-AC5E-4A29-97DB-3FF11297D14B}.Debug-Single|x86.ActiveCfg = Debug-Single|Win32
		{C7554674-AC5E-4A29-97DB-3FF11297D14B}.Debug-Single|x86.Build.0 = Debug-Single|Win32
		{C7554674-AC5E-4A29-97DB-3FF11297D14B}.Release|x64.ActiveCfg = Release|x64
		{C7554674-AC5E-4A29-97DB-3FF11297D14B}.Release|x64.Build.0 = Release|x64
		{C7554674-AC5E-4A29-97DB-3FF11297D14B}.Release|x86.ActiveCfg = Release|Win32
		{C7554674-AC5E-4A29-97DB-3FF11297D14B}.Release|x86.Build.0 = Release|Win32
		{C7554674-AC5E-4A29-97DB-3FF11297D14B}.Release-MemoryOnly|x64.ActiveCfg = Release-Single|x64
		{C7554674-AC5E-4A29-97DB-3FF11297D14B}.Release-MemoryOnly|x64.Build.0 = Release-Single|x64
		{C7554674-AC5E-4A29-97DB-3FF11297D14B}.Release-MemoryOnly|x86.ActiveCfg = Release-Single|Win32
		{C7554674-AC5E-4A29-97DB-3FF11297D14B}.Release-MemoryOnly|x86.Build.0 = Release-Single|Win32
		{C7554674-AC5E-4A29-97DB-3FF11297D14B}.Release-Single|x64.ActiveCfg = Release-Single|x64
		{C7554674-AC5E-4A29-97DB-3FF11297D14B}.Release-Single|x64.Build.0 = Release-Single|x64
		{C7554674-AC5E-4A29-97DB-3FF11297D14B}.Release-Single|x86.ActiveCfg = Release-Single|Win32
		{C7554674-AC5E-4A29-97DB-3FF11297D14B}.Release-Single|x86.Build.0 = Release-Single|Win32
		{7585E7A9-561E-4DE8-BF3E-92976B1D9841}.Debug|x64.ActiveCfg = Debug|x64
		{7585E7A9-561E-4DE8-BF3E-92976B1D9841}.Debug|x64.Build.0 = Debug|x64
		{7585E7A9-561E-4DE8-BF3E-92976B1D9841}.Debug|x86.ActiveCfg = Debug|Win32
		{7585E7A9-561E-4DE8-BF3E-92976B1D9841}.Debug|x86.Build.0 = Debug|Win32
		{7585E7A9-561E-4DE8-BF3E-92976B1D9841}.Debug-MemoryOnly|x64.ActiveCfg = Debug|x64
		{7585E7A9-561E-4DE8-BF3E-92976B1D9841}.Debug-MemoryOnly|x64.Build.0 = Debug|x64
		{7585E7A9-561E-4DE8-BF3E-92976B1D9841}.Debug-MemoryOnly|x86.ActiveCfg = Debug|Win32
		{7585E7A9-561E-4DE8-BF3E-92976B1D9841}.Debug-MemoryOnly|x86.Build.0 = Debug|Win32
		{7585E7A9-561E-4DE8-BF3E-92976B1D9841}.Debug-Single|x64.ActiveCfg = Debug-Single|x64
		{7585E7A9-561E-4DE8-BF3E-92976B1D9841}.Debug-Single|x64.Build.0 = Debug-Single|x64
		{7585E7A9-561E-4DE8-BF3E-92976B1D9841}.Debug-Single|x86.ActiveCfg = Debug-Single|Win32
		{7585E7A9-561E-4DE8-BF3E-92976B1D9841}.Debug-Single|x86.Build.0 = Debug-Single|Win32
		{7585E7A9-561E-4DE8-BF3E-92976B1D9841}.Release|x64.ActiveCfg = Release|x64
		{7585E7A9-561E-4DE8-BF3E-92976B1D9841}.Release|x64.Build.0 = Release|x64
		{7585E7A9-561E-4DE8-BF3E-92976B1D9841}.Release|x86.ActiveCfg = Release|Win32
		{7585E7A9-561E-4DE8-BF3E-92976B1D9841}.Release|x86.Build.0 = Release|Win32
		{7585E7A9-561E-4DE8-BF3E-92976B1D9841}.Release-MemoryOnly|x64.ActiveCfg = Release|x64
		{7585E7A9-561E-4DE8-BF3E-92976B1D9841}.Release-MemoryOnly|x64.Build.0 = Release|x64
		{7585E7A9-561E-4DE8-BF3E-92976B1D9841}.Release-MemoryOnly|x86.ActiveCfg = Release|Win32
		{7585E7A9-561E-4DE8-BF3E-92976B1D9841}.Release-MemoryOnly|x86.Build.0 = Release|Win32
		{7585E7A9-561E-4DE8-BF3E-92976B1D9841}.Release-Single|x64.ActiveCfg = Release-Single|x64
		{7585E7A9-561E-4DE8-BF3E-92976B1D9841}.Release-Single|x64.Build.0 = Release-Single|x64
		{7585E7A9-561E-4DE8-BF3E-92976B1D9841}.Release-Single|x86.ActiveCfg = Release-Single|Win32
		{7585E7A9-561E-4DE8-BF3E-92976B1D9841}.Release-Single|x86.Build.0 = Release-Single|Win32
		{A4C28EA8-3257-4F80-915C-212F7B8BB66E}.Debug|x64.ActiveCfg = Debug|x64
		{A4C28EA8-3257-4F80-915C-212F7B8BB66E}.Debug|x64.Build.0 = Debug|x64
		{A4C28EA8-3257-4F80-915C-212F7B8BB66E}.Debug|x86.ActiveCfg = Debug|Win32
		{A4C28EA8-3257-4F80-915C-212F7B8BB66E}.Debug|x86.Build.0 = Debug|Win32
		{A4C28EA8-3257-4F80-915C-212F7B8BB66E}.Debug-MemoryOnly|x64.ActiveCfg = Debug|x64
		{A4C28EA8-3257-4F80-915C-212F7B8BB66E}.Debug-MemoryOnly|x64.Build.0 = Debug|x64
		{A4C28EA8-3257-4F80-915C-212F7B8BB66E}.Debug-MemoryOnly|x86.ActiveCfg = Debug|Win32
		{A4C28EA8-3257-4F80-915C-212F7B8BB66E}.Debug-MemoryOnly|x86.Build.0 = Debug|Win32
		{A4C28EA8-3257-4F80-915C-212F7B8BB66E}.Debug-Single|x64.ActiveCfg = Debug-Single|x64
		{A4C28EA8-3257-4F80-915C-212F7B8BB66E}.Debug-Single|x64.Build.0 = Debug-Single|x64
		{A4C28EA8-3257-4F80-915C-212F7B8BB66E}.Debug-Single|x86.ActiveCfg = Debug-Single|Win32
		{A4C28EA8-3257-4F80-915C-212F7B8BB66E}.Debug-Single|x86.Build.0 = Debug-Single|Win32
		{A4C28EA8-3257-4F80-915C-212F7B8BB66E}.Release|x64.ActiveCfg = Release|x64
		{A4C28EA8-3257-4F80-915C-212F7B8BB66E}.Release|x64.Build.0 = Release|x64
		{A4C28EA8-3257-4F80-915C-212F7B8BB66E}.Release|x86.ActiveCfg = Release|Win32
		{A4C28EA8-3257-4F80-915C-212F7B8BB66E}.Release|x86.Build.0 = Release|Win32
		{A4C28EA8-3257-4F80-915C-212F7B8BB66E}.Release-MemoryOnly|x64.ActiveCfg = Release|x64
		{A4C28EA8-3257-4F80-915C-212F7B8BB66E}.Release-MemoryOnly|x64.Build.0 = Release|x64
		{A4C28EA8-3257-4F80-915C-212F7B8BB66E}.Release-MemoryOnly|x86.ActiveCfg = Release|Win32
		{A4C28EA8-3257-4F80-915C-212F7B8BB66E}.Release-MemoryOnly|x86.Build.0 = Release|Win32
		{A4C28EA8-3257-4F80-915C-212F7B8BB66E}.Release-Single|x64.ActiveCfg = Release-Single|x64
		{A4C28EA8-3257-4F80-915C-212F7B8BB66E}.Release-Single|x64.Build.0 = Release-Single|x64
		{A4C28EA8-3257-4F80-915C-212F7B8BB66E}.Release-Single|x86.ActiveCfg = Release-Single|Win32
		{A4C28EA8-3257-4F80-915C-212F7B8BB66E}.Release-Single|x86.Build.0 = Release-Single|Win32
		{789EA3F7-7EF3-467B-B401-F6F5D39A17F8}.Debug|x64.ActiveCfg = Debug|x64
		{789EA3F7-7EF3-467B-B401-F6F5D39A17F8}.Debug|x64.Build.0 = Debug|x64
		{789EA3F7-7EF3-467B-B401-F6F5D39A17F8}.Debug|x86.ActiveCfg = Debug|Win32
		{789EA3F7-7EF3-467B-B401-F6F5D39A17F8}.Debug|x86.Build.0 = Debug|Win32
		{789EA3F7-7EF3-467B-B401-F6F5D39A17F8}.Debug-MemoryOnly|x64.ActiveCfg = Debug-Single|x64
		{789EA3F7-7EF3-467B-B401-F6F5D39A17F8}.Debug-MemoryOnly|x64.Build.0 = Debug-Single|x64
		{789EA3F7-7EF3-467B-B401-F6F5D39A17F8}.Debug-MemoryOnly|x86.ActiveCfg = Debug-Single|Win32
		{789EA3F7-7EF3-467B-B401-F6F5D39A17F8}.Debug-MemoryOnly|x86.Build.0 = Debug-Single|Win32
		{789EA3F7-7EF3-467B-B401-F6F5D39A17F8}.Debug-Single|x64.ActiveCfg = Debug-Single|x64
		{789EA3F7-7EF3-467B-B401-F6F5D39A17F8}.Debug-Single|x64.Build.0 = Debug-Single|x64
		{789EA3F7-7EF3-467B-B401-F6F5D39A17F8}.Debug-Single|x86.ActiveCfg = Debug-Single|Win32
		{789EA3F7-7EF3-467B-B401-F6F5D39A17F8}.Debug-Single|x86.Build.0 = Debug-Single|Win32
		{789EA3F7-7EF3-467B-B401-F6F5D39A17F8}.Release|x64.ActiveCfg = Release|x64
		{789EA3F7-7EF3-467B-B401-F6F5D39A17F8}.Release|x64.Build.0 = Release|x64
		{789EA3F7-7EF3-467B-B401-F6F5D39A17F8}.Release|x86.ActiveCfg = Release|Win32
		{789EA3F7-7EF3-467B-B401-F6F5D39A17F8}.Release|x86.Build.0 = Release|Win32
		{789EA3F7-7EF3-467B-B401-F6F5D39A17F8}.Release-MemoryOnly|x64.ActiveCfg = Release-Single|x64
		{789EA3F7-7EF3-467B-B401-F6F5D39A17F8}.Release-MemoryOnly|x64.Build.0 = Release-Single|x64
		{789EA3F7-7EF3-467B-B401-F6F5D39A17F8}.Release-MemoryOnly|x86.ActiveCfg = Release-Single|Win32
		{789EA3F7-7EF3-467B-B401-F6F5D39A17F8}.Release-MemoryOnly|x86.Build.0 = Release-Single|Win32
		{789EA3F7-7EF3-467B-B401-F6F5D39A17F8}.Release-Single|x64.ActiveCfg = Release-Single|x64
		{789EA3F7-7EF3-467B-B401-F6F5D39A17F8}.Release-Single|x64.Build.0 = Release-Single|x64
		{789EA3F7-7EF3-467B-B401-F6F5D39A17F8}.Release-Single|x86.ActiveCfg = Release-Single|Win32
		{789EA3F7-7EF3-467B-B401-F6F5D39A17F8}.Release-Single|x86.Build.0 = Release-Single|Win32
		{BD5F447C-E80D-4418-836F-F5DD9A2037AF}.Debug|x64.ActiveCfg = Debug|x64
		{BD5F447C-E80D-4418-836F-F5DD9A2037AF}.Debug|x64.Build.0 = Debug|x64
		{BD5F447C-E80D-4418-836F-F5DD9A2037AF}.Debug|x86.ActiveCfg = Debug|Win32
		{BD5F447C-E80D-4418-836F-F5DD9A2037AF}.Debug|x86.Build.0 = Debug|Win32
		{BD5F447C-E80D-4418-836F-F5DD9A2037AF}.Debug-MemoryOnly|x64.ActiveCfg = Debug|x64
		{BD5F447C-E80D-4418-836F-F5DD9A2037AF}.Debug-MemoryOnly|x64.Build.0 = Debug|x64
		{BD5F447C-E80D-4418-836F-F5DD9A2037AF}.Debug-MemoryOnly|x86.ActiveCfg = Debug|Win32
		{BD5F447C-E80D-4418-836F-F5DD9A2037AF}.Debug-MemoryOnly|x86.Build.0 = Debug|Win32
		{BD5F447C-E80D-4418-836F-F5DD9A2037AF}.Debug-Single|x64.ActiveCfg = Debug-Single|x64
		{BD5F447C-E80D-4418-836F-F5DD9A2037AF}.Debug-Single|x64.Build.0 = Debug-Single|x64
		{BD5F447C-E80D-4418-836F-F5DD9A2037AF}.Debug-Single|x86.ActiveCfg = Debug-Single|Win32
		{BD5F447C-E80D-4418-836F-F5DD9A2037AF}.Debug-Single|x86.Build.0 = Debug-Single|Win32
		{BD5F447C-E80D-4418-836F-F5DD9A2037AF}.Release|x64.ActiveCfg = Release|x64
		{BD5F447C-E80D-4418-836F-F5DD9A2037AF}.Release|x64.Build.0 = Release|x64
		{BD5F447C-E80D-4418-836F-F5DD9A2037AF}.Release|x86.ActiveCfg = Release|Win32
		{BD5F447C-E80D-4418-836F-F5DD9A2037AF}.Release|x86.Build.0 = Release|Win32
		{BD5F447C-E80D-4418-836F-F5DD9A2037AF}.Release-MemoryOnly|x64.ActiveCfg = Release|x64
		{BD5F447C-E80D-4418-836F-F5DD9A2037AF}.Release-MemoryOnly|x64.Build.0 = Release|x64
		{BD5F447C-E80D-4418-836F-F5DD9A2037AF}.Release-MemoryOnly|x86.ActiveCfg = Release|Win32
		{BD5F447C-E80D-4418-836F-F5DD9A2037AF}.Release-MemoryOnly|x86.Build.0 = Release|Win32
		{BD5F447C-E80D-4418-836F-F5DD9A2037AF}.Release-Single|x64.ActiveCfg = Release-Single|x64
		{BD5F447C-E80D-4418-836F-F5DD9A2037AF}.Release-Single|x64.Build.0 = Release-Single|x64
		{BD5F447C-E80D-4418-836F-F5DD9A2037AF}.Release-Single|x86.ActiveCfg = Release-Single|Win32
		{BD5F447C-E80D-4418-836F-F5DD9A2037AF}.Release-Single|x86.Build.0 = Release-Single|Win32
		{28E45A8A-C3D7-46FC-B563-B6E353CCD970}.Debug|x64.ActiveCfg = Debug|x64
		{28E45A8A-C3D7-46FC-B563-B6E353CCD970}.Debug|x64.Build.0 = Debug|x64
		{28E45A8A-C3D7-46FC-B563-B6E353CCD970}.Debug|x86.ActiveCfg = Debug|Win32
		{28E45A8A-C3D7-46FC-B563-B6E353CCD970}.Debug|x86.Build.0 = Debug|Win32
		{28E45A8A-C3D7-46FC-B563-B6E353CCD970}.Debug-MemoryOnly|x64.ActiveCfg = Debug|x64
		{28E45A8A-C3D7-46FC-B563-B6E353CCD970}.Debug-MemoryOnly|x64.Build.0 = Debug|x64
		{28E45A8A-C3D7-46FC-B563-B6E353CCD970}.Debug-MemoryOnly|x86.ActiveCfg = Debug|Win32
		{28E45A8A-C3D7-46FC-B563-B6E353CCD970}.Debug-MemoryOnly|x86.Build.0 = Debug|Win32
		{28E45A8A-C3D7-46FC-B563-B6E353CCD970}.Debug-Single|x64.ActiveCfg = Debug-Single|x64
		{28E45A8A-C3D7-46FC-B563-B6E353CCD970}.Debug-Single|x64.Build.0 = Debug-Single|x64
		{28E45A8A-C3D7-46FC-B563-B6E353CCD970}.Debug-Single|x86.ActiveCfg = Debug-Single|Win32
		{28E45A8A-C3D7-46FC-B563-B6E353CCD970}.Debug-Single|x86.Build.0 = Debug-Single|Win32
		{28E45A8A-C3D7-46FC-B563-B6E353CCD970}.Release|x64.ActiveCfg = Release|x64
		{28E45A8A-C3D7-46FC-B563-B6E353CCD970}.Release|x64.Build.0 = Release|x64
		{28E45A8A-C3D7-46FC-B563-B6E353CCD970}.Release|x86.ActiveCfg = Release|Win32
		{28E45A8A-C3D7-46FC-B563-B6E353CCD970}.Release|x86.Build.0 = Release|Win32
		{28E45A8A-C3D7-46FC-B563-B6E353CCD970}.Release-MemoryOnly|x64.ActiveCfg = Release|x64
		{28E45A8A-C3D7-46FC-B563-B6E353CCD970}.Release-MemoryOnly|x64.Build.0 = Release|x64
		{28E45A8A-C3D7-46FC-B563-B6E353CCD970}.Release-MemoryOnly|x86.ActiveCfg = Release|Win32
		{28E45A8A-C3D7-46FC-B563-B6E353CCD970}.Release-MemoryOnly|x86.Build.0 = Release|Win32
		{28E45A8A-C3D7-46FC-B563-B6E353CCD970}.Release-Single|x64.ActiveCfg = Release-Single|x64
		{28E45A8A-C3D7-46FC-B563-B6E353CCD970}.Release-Single|x64.Build.0 = Release-Single|x64
		{28E45A8A-C3D7-46FC-B563-B6E353CCD970}.Release-Single|x86.ActiveCfg = Release-Single|Win32
		{28E45A8A-C3D7-46FC-B563-B6E353CCD970}.Release-Single|x86.Build.0 = Release-Single|Win32
		{8AEABE6B-8BE6-4B21-97BD-A3C3C7276CD7}.Debug|x64.ActiveCfg = Debug|x64
		{8AEABE6B-8BE6-4B21-97BD-A3C3C7276CD7}.Debug|x64.Build.0 = Debug|x64
		{8AEABE6B-8BE6-4B21-97BD-A3C3C7276CD7}.Debug|x86.ActiveCfg = Debug|Win32
		{8AEABE6B-8BE6-4B21-97BD-A3C3C7276CD7}.Debug|x86.Build.0 = Debug|Win32
		{8AEABE6B-8BE6-4B21-97BD-A3C3C7276CD7}.Debug-MemoryOnly|x64.ActiveCfg = Debug|x64
		{8AEABE6B-8BE6-4B21-97BD-A3C3C7276CD7}.Debug-MemoryOnly|x64.Build.0 = Debug|x64
		{8AEABE6B-8BE6-4B21-97BD-A3C3C7276CD7}.Debug-MemoryOnly|x86.ActiveCfg = Debug|Win32
		{8AEABE6B-8BE6-4B21-97BD-A3C3C7276CD7}.Debug-MemoryOnly|x86.Build.0 = Debug|Win32
		{8AEABE6B-8BE6-4B21-97BD-A3C3C7276CD7}.Debug-Single|x64.ActiveCfg = Debug-Single|x64
		{8AEABE6B-8BE6-4B21-97BD-A3C3C7276CD7}.Debug-Single|x64.Build.0 = Debug-Single|x64
		{8AEABE6B-8BE6-4B21-97BD-A3C3C7276CD7}.Debug-Single|x86.ActiveCfg = Debug-Single|Win32
		{8AEABE6B-8BE6-4B21-97BD-A3C3C7276CD7}.Debug-Single|x86.Build.0 = Debug-Single|Win32
		{8AEABE6B-8BE6-4B21-97BD-A3C3C7276CD7}.Release|x64.ActiveCfg = Release|x64
		{8AEABE6B-8BE6-4B21-97BD-A3C3C7276CD7}.Release|x64.Build.0 = Release|x64
		{8AEABE6B-8BE6-4B21-97BD-A3C3C7276CD7}.Release|x86.ActiveCfg = Release|Win32
		{8AEABE6B-8BE6-4B21-97BD-A3C3C7276CD7}.Release|x86.Build.0 = Release|Win32
		{8AEABE6B-8BE6-4B21-97BD-A3C3C7276CD7}.Release-MemoryOnly|x64.ActiveCfg = Release|x64
		{8AEABE6B-8BE6-4B21-97BD-A3C3C7276CD7}.Release-MemoryOnly|x64.Build.0 = Release|x64
		{8AEABE6B-8BE6-4B21-97BD-A3C3C7276CD7}.Release-MemoryOnly|x86.ActiveCfg = Release|Win32
		{8AEABE6B-8BE6-4B21-97BD-A3C3C7276CD7}.Release-MemoryOnly|x86.Build.0 = Release|Win32
		{8AEABE6B-8BE6-4B21-97BD-A3C3C7276CD7}.Release-Single|x64.ActiveCfg = Release-Single|x64
		{8AEABE6B-8BE6-4B21-97BD-A3C3C7276CD7}.Release-Single|x64.Build.0 = Release-Single|x64
		{8AEABE6B-8BE6-4B21-97BD-A3C3C7276CD7}.Release-Single|x86.ActiveCfg = Release-Single|Win32
		{8AEABE6B-8BE6-4B21-97BD-A3C3C7276CD7}.Release-Single|x86.Build.0 = Release-Single|Win32
		{08C02792-FE84-4D92-BE4C-1C0171328F27}.Debug|x64.ActiveCfg = Debug|x64
		{08C02792-FE84-4D92-BE4C-1C0171328F27}.Debug|x64.Build.0 = Debug|x64
		{08C02792-FE84-4D92-BE4C-1C0171328F27}.Debug|x86.ActiveCfg = Debug|Win32
		{08C02792-FE84-4D92-BE4C-1C0171328F27}.Debug|x86.Build.0 = Debug|Win32
		{08C02792-FE84-4D92-BE4C-1C0171328F27}.Debug-MemoryOnly|x64.ActiveCfg = Debug|x64
		{08C02792-FE84-4D92-BE4C-1C0171328F27}.Debug-MemoryOnly|x64.Build.0 = Debug|x64
		{08C02792-FE84-4D92-BE4C-1C0171328F27}.Debug-MemoryOnly|x86.ActiveCfg = Debug|Win32
		{08C02792-FE84-4D92-BE4C-1C0171328F27}.Debug-MemoryOnly|x86.Build.0 = Debug|Win32
		{08C02792-FE84-4D92-BE4C-1C0171328F27}.Debug-Single|x64.ActiveCfg = Debug-Single|x64
		{08C02792-FE84-4D92-BE4C-1C0171328F27}.Debug-Single|x64.Build.0 = Debug-Single|x64
		{08C02792-FE84-4D92-BE4C-1C0171328F27}.Debug-Single|x86.ActiveCfg = Debug-Single|Win32
		{08C02792-FE84-4D92-BE4C-1C0171328F27}.Debug-Single|x86.Build.0 = Debug-Single|Win32
		{08C02792-FE84-4D92-BE4C-1C0171328F27}.Release|x64.ActiveCfg = Release|x64
		{08C02792-FE84-4D92-BE4C-1C0171328F27}.Release|x64.Build.0 = Release|x64
		{08C02792-FE84-4D92-BE4C-1C0171328F27}.Release|x86.ActiveCfg = Release|Win32
		{08C02792-FE84-4D92-BE4C-1C0171328F27}.Release|x86.Build.0 = Release|Win32
		{08C02792-FE84-4D92-BE4C-1C0171328F27}.Release-MemoryOnly|x64.ActiveCfg = Release|x64
		{08C02792-FE84-4D92-BE4C-1C0171328F27}.Release-MemoryOnly|x64.Build.0 = Release|x64
		{08C02792-FE84-4D92-BE4C-1C0171328F27}.Release-MemoryOnly|x86.ActiveCfg = Release|Win32
		{08C02792-FE84-4D92-BE4C-1C0171328F27}.Release-MemoryOnly|x86.Build.0 = Release|Win32
		{08C02792-FE84-4D92-BE4C-1C0171328F27}.Release-Single|x64.ActiveCfg = Release-Single|x64
		{08C02792-FE84-4D92-BE4C-1C0171328F27}.Release-Single|x64.Build.0 = Release-Single|x64
		{08C02792-FE84-4D92-BE4C-1C0171328F27}.Release-Single|x86.ActiveCfg = Release-Single|Win32
		{08C02792-FE84-4D92-BE4C-1C0171328F27}.Release-Single|x86.Build.0 = Release-Single|Win32
		{BE731A07-E830-4089-8C74-450D38048163}.Debug|x64.ActiveCfg = Debug|x64
		{BE731A07-E830-4089-8C74-450D38048163}.Debug|x64.Build.0 = Debug|x64
		{BE731A07-E830-4089-8C74-450D38048163}.Debug|x86.ActiveCfg = Debug|Win32
		{BE731A07-E830-4089-8C74-450D38048163}.Debug|x86.Build.0 = Debug|Win32
		{BE731A07-E830-4089-8C74-450D38048163}.Debug-MemoryOnly|x64.ActiveCfg = Debug-Single|x64
		{BE731A07-E830-4089-8C74-450D38048163}.Debug-MemoryOnly|x64.Build.0 = Debug-Single|x64
		{BE731A07-E830-4089-8C74-450D38048163}.Debug-MemoryOnly|x86.ActiveCfg = Debug|Win32
		{BE731A07-E830-4089-8C74-450D38048163}.Debug-MemoryOnly|x86.Build.0 = Debug|Win32
		{BE731A07-E830-4089-8C74-450D38048163}.Debug-Single|x64.ActiveCfg = Debug-Single|x64
		{BE731A07-E830-4089-8C74-450D38048163}.Debug-Single|x64.Build.0 = Debug-Single|x64
		{BE731A07-E830-4089-8C74-450D38048163}.Debug-Single|x86.ActiveCfg = Debug-Single|Win32
		{BE731A07-E830-4089-8C74-450D38048163}.Debug-Single|x86.Build.0 = Debug-Single|Win32
		{BE731A07-E830-4089-8C74-450D38048163}.Release|x64.ActiveCfg = Release|x64
		{BE731A07-E830-4089-8C74-450D38048163}.Release|x64.Build.0 = Release|x64
		{BE731A07-E830-4089-8C74-450D38048163}.Release|x86.ActiveCfg = Release|Win32
		{BE731A07-E830-4089-8C74-450D38048163}.Release|x86.Build.0 = Release|Win32
		{BE731A07-E830-4089-8C74-450D38048163}.Release-MemoryOnly|x64.ActiveCfg = Release-Single|x64
		{BE731A07-E830-4089-8C74-450D38048163}.Release-MemoryOnly|x64.Build.0 = Release-Single|x64
		{BE731A07-E830-4089-8C74-450D38048163}.Release-MemoryOnly|x86.ActiveCfg = Release-Single|Win32
		{BE731A07-E830-4089-8C74-450D38048163}.Release-MemoryOnly|x86.Build.0 = Release-Single|Win32
		{BE731A07-E830-4089-8C74-450D38048163}.Release-Single|x64.ActiveCfg = Release-Single|x64
		{BE731A07-E830-4089-8C74-450D38048163}.Release-Single|x64.Build.0 = Release-Single|x64
		{BE731A07-E830-4089-8C74-450D38048163}.Release-Single|x86.ActiveCfg = Release-Single|Win32
		{BE731A07-E830-4089-8C74-450D38048163}.Release-Single|x86.Build.0 = Release-Single|Win32
		{F56D1795-93B0-4480-AEBD-FF2F1A70E4D3}.Debug|x64.ActiveCfg = Debug|x64
		{F56D1795-93B0-4480-AEBD-FF2F1A70E4D3}.Debug|x64.Build.0 = Debug|x64
		{F56D1795-93B0-4480-AEBD-FF2F1A70E4D3}.Debug|x86.ActiveCfg = Debug|Win32
		{F56D1795-93B0-4480-AEBD-FF2F1A70E4D3}.Debug|x86.Build.0 = Debug|Win32
		{F56D1795-93B0-4480-AEBD-FF2F1A70E4D3}.Debug-MemoryOnly|x64.ActiveCfg = Debug|x64
		{F56D1795-93B0-4480-AEBD-FF2F1A70E4D3}.Debug-MemoryOnly|x64.Build.0 = Debug|x64
		{F56D1795-93B0-4480-AEBD-FF2F1A70E4D3}.Debug-MemoryOnly|x86.ActiveCfg = Debug|Win32
		{F56D1795-93B0-4480-AEBD-FF2F1A70E4D3}.Debug-MemoryOnly|x86.Build.0 = Debug|Win32
		{F56D1795-93B0-4480-AEBD-FF2F1A70E4D3}.Debug-Single|x64.ActiveCfg = Debug-Single|x64
		{F56D1795-93B0-4480-AEBD-FF2F1A70E4D3}.Debug-Single|x64.Build.0 = Debug-Single|x64
		{F56D1795-93B0-4480-AEBD-FF2F1A70E4D3}.Debug-Single|x86.ActiveCfg = Debug-Single|Win32
		{F56D1795-93B0-4480-AEBD-FF2F1A70E4D3}.Debug-Single|x86.Build.0 = Debug-Single|Win32
		{F56D1795-93B0-4480-AEBD-FF2F1A70E4D3}.Release|x64.ActiveCfg = Release|x64
		{F56D1795-93B0-4480-AEBD-FF2F1A70E4D3}.Release|x64.Build.0 = Release|x64
		{F56D1795-93B0-4480-AEBD-FF2F1A70E4D3}.Release|x86.ActiveCfg = Release|Win32
		{F56D1795-93B0-4480-AEBD-FF2F1A70E4D3}.Release|x86.Build.0 = Release|Win32
		{F56D1795-93B0-4480-AEBD-FF2F1A70E4D3}.Release-MemoryOnly|x64.ActiveCfg = Release|x64
		{F56D1795-93B0-4480-AEBD-FF2F1A70E4D3}.Release-MemoryOnly|x64.Build.0 = Release|x64
		{F56D1795-93B0-4480-AEBD-FF2F1A70E4D3}.Release-MemoryOnly|x86.ActiveCfg = Release|Win32
		{F56D1795-93B0-4480-AEBD-FF2F1A70E4D3}.Release-MemoryOnly|x86.Build.0 = Release|Win32
		{F56D1795-93B0-4480-AEBD-FF2F1A70E4D3}.Release-Single|x64.ActiveCfg = Release-Single|x64
		{F56D1795-93B0-4480-AEBD-FF2F1A70E4D3}.Release-Single|x64.Build.0 = Release-Single|x64
		{F56D1795-93B0-4480-AEBD-FF2F1A70E4D3}.Release-Single|x86.ActiveCfg = Release-Single|Win32
		{F56D1795-93B0-4480-AEBD-FF2F1A70E4D3}.Release-Single|x86.Build.0 = Release-Single|Win32
		{5DECEEFD-EEC2-4E5A-A2C1-EEDA1E5B4F42}.Debug|x64.ActiveCfg = Debug|x64
		{5DECEEFD-EEC2-4E5A-A2C1-EEDA1E5B4F42}.Debug|x64.Build.0 = Debug|x64
		{5DECEEFD-EEC2-4E5A-A2C1-EEDA1E5B4F42}.Debug|x86.ActiveCfg = Debug|Win32
		{5DECEEFD-EEC2-4E5A-A2C1-EEDA1E5B4F42}.Debug|x86.Build.0 = Debug|Win32
		{5DECEEFD-EEC2-4E5A-A2C1-EEDA1E5B4F42}.Debug-MemoryOnly|x64.ActiveCfg = Debug|x64
		{5DECEEFD-EEC2-4E5A-A2C1-EEDA1E5B4F42}.Debug-MemoryOnly|x64.Build.0 = Debug|x64
		{5DECEEFD-EEC2-4E5A-A2C1-EEDA1E5B4F42}.Debug-MemoryOnly|x86.ActiveCfg = Debug|Win32
		{5DECEEFD-EEC2-4E5A-A2C1-EEDA1E5B4F42}.Debug-MemoryOnly|x86.Build.0 = Debug|Win32
		{5DECEEFD-EEC2-4E5A-A2C1-EEDA1E5B4F42}.Debug-Single|x64.ActiveCfg = Debug-Single|x64
		{5DECEEFD-EEC2-4E5A-A2C1-EEDA1E5B4F42}.Debug-Single|x64.Build.0 = Debug-Single|x64
		{5DECEEFD-EEC2-4E5A-A2C1-EEDA1E5B4F42}.Debug-Single|x86.ActiveCfg = Debug-Single|Win32
		{5DECEEFD-EEC2-4E5A-A2C1-EEDA1E5B4F42}.Debug-Single|x86.Build.0 = Debug-Single|Win32
		{5DECEEFD-EEC2-4E5A-A2C1-EEDA1E5B4F42}.Release|x64.ActiveCfg = Release|x64
		{5DECEEFD-EEC2-4E5A-A2C1-EEDA1E5B4F42}.Release|x64.Build.0 = Release|x64
		{5DECEEFD-EEC2-4E5A-A2C1-EEDA1E5B4F42}.Release|x86.ActiveCfg = Release|Win32
		{5DECEEFD-EEC2-4E5A-A2C1-EEDA1E5B4F42}.Release|x86.Build.0 = Release|Win32
		{5DECEEFD-EEC2-4E5A-A2C1-EEDA1E5B4F42}.Release-MemoryOnly|x64.ActiveCfg = Release|x64
		{5DECEEFD-EEC2-4E5A-A2C1-EEDA1E5B4F42}.Release-MemoryOnly|x64.Build.0 = Release|x64
		{5DECEEFD-EEC2-4E5A-A2C1-EEDA1E5B4F42}.Release-MemoryOnly|x86.ActiveCfg = Release|Win32
		{5DECEEFD-EEC2-4E5A-A2C1-EEDA1E5B4F42}.Release-MemoryOnly|x86.Build.0 = Release|Win32
		{5DECEEFD-EEC2-4E5A-A2C1-EEDA1E5B4F42}.Release-Single|x64.ActiveCfg = Release-Single|x64
		{5DECEEFD-EEC2-4E5A-A2C1-EEDA1E5B4F42}.Release-Single|x64.Build.0 = Release-Single|x64
		{5DECEEFD-EEC2-4E5A-A2C1-EEDA1E5B4F42}.Release-Single|x86.ActiveCfg = Release-Single|Win32
		{5DECEEFD-EEC2-4E5A-A2C1-EEDA1E5B4F42}.Release-Single|x86.Build.0 = Release-Single|Win32
		{FB4580BD-7ACE-48C7-BA82-31E218758F58}.Debug|x64.ActiveCfg = Debug|x64
		{FB4580BD-7ACE-48C7-BA82-31E218758F58}.Debug|x64.Build.0 = Debug|x64
		{FB4580BD-7ACE-48C7-BA82-31E218758F58}.Debug|x86.ActiveCfg = Debug|Win32
		{FB4580BD-7ACE-48C7-BA82-31E218758F58}.Debug|x86.Build.0 = Debug|Win32
		{FB4580BD-7ACE-48C7-BA82-31E218758F58}.Debug-MemoryOnly|x64.ActiveCfg = Debug|x64
		{FB4580BD-7ACE-48C7-BA82-31E218758F58}.Debug-MemoryOnly|x64.Build.0 = Debug|x64
		{FB4580BD-7ACE-48C7-BA82-31E218758F58}.Debug-MemoryOnly|x86.ActiveCfg = Debug|Win32
		{FB4580BD-7ACE-48C7-BA82-31E218758F58}.Debug-MemoryOnly|x86.Build.0 = Debug|Win32
		{FB4580BD-7ACE-48C7-BA82-31E218758F58}.Debug-Single|x64.ActiveCfg = Debug-Single|x64
		{FB4580BD-7ACE-48C7-BA82-31E218758F58}.Debug-Single|x64.Build.0 = Debug-Single|x64
		{FB4580BD-7ACE-48C7-BA82-31E218758F58}.Debug-Single|x86.ActiveCfg = Debug-Single|Win32
		{FB4580BD-7ACE-48C7-BA82-31E218758F58}.Debug-Single|x86.Build.0 = Debug-Single|Win32
		{FB4580BD-7ACE-48C7-BA82-31E218758F58}.Release|x64.ActiveCfg = Release|x64
		{FB4580BD-7ACE-48C7-BA82-31E218758F58}.Release|x64.Build.0 = Release|x64
		{FB4580BD-7ACE-48C7-BA82-31E218758F58}.Release|x86.ActiveCfg = Release|Win32
		{FB4580BD-7ACE-48C7-BA82-31E218758F58}.Release|x86.Build.0 = Release|Win32
		{FB4580BD-7ACE-48C7-BA82-31E218758F58}.Release-MemoryOnly|x64.ActiveCfg = Release|x64
		{FB4580BD-7ACE-48C7-BA82-31E218758F58}.Release-MemoryOnly|x64.Build.0 = Release|x64
		{FB4580BD-7ACE-48C7-BA82-31E218758F58}.Release-MemoryOnly|x86.ActiveCfg = Release|Win32
		{FB4580BD-7ACE-48C7-BA82-31E218758F58}.Release-MemoryOnly|x86.Build.0 = Release|Win32
		{FB4580BD-7ACE-48C7-BA82-31E218758F58}.Release-Single|x64.ActiveCfg = Release-Single|x64
		{FB4580BD-7ACE-48C7-BA82-31E218758F58}.Release-Single|x64.Build.0 = Release-Single|x64
		{FB4580BD-7ACE-48C7-BA82-31E218758F58}.Release-Single|x86.ActiveCfg = Release-Single|Win32
		{FB4580BD-7ACE-48C7-BA82-31E218758F58}.Release-Single|x86.Build.0 = Release-Single|Win32
		{AF824871-ACB6-4F30-81D1-8C6BACC4ED11}.Debug|x64.ActiveCfg = Debug|x64
		{AF824871-ACB6-4F30-81D1-8C6BACC4ED11}.Debug|x64.Build.0 = Debug|x64
		{AF824871-ACB6-4F30-81D1-8C6BACC4ED11}.Debug|x86.ActiveCfg = Debug|Win32
		{AF824871-ACB6-4F30-81D1-8C6BACC4ED11}.Debug|x86.Build.0 = Debug|Win32
		{AF824871-ACB6-4F30-81D1-8C6BACC4ED11}.Debug-MemoryOnly|x64.ActiveCfg = Debug|x64
		{AF824871-ACB6-4F30-81D1-8C6BACC4ED11}.Debug-MemoryOnly|x64.Build.0 = Debug|x64
		{AF824871-ACB6-4F30-81D1-8C6BACC4ED11}.Debug-MemoryOnly|x86.ActiveCfg = Debug|Win32
		{AF824871-ACB6-4F30-81D1-8C6BACC4ED11}.Debug-MemoryOnly|x86.Build.0 = Debug|Win32
		{AF824871-ACB6-4F30-81D1-8C6BACC4ED11}.Debug-Single|x64.ActiveCfg = Debug-Single|x64
		{AF824871-ACB6-4F30-81D1-8C6BACC4ED11}.Debug-Single|x64.Build.0 = Debug-Single|x64
		{AF824871-ACB6-4F30-81D1-8C6BACC4ED11}.Debug-Single|x86.ActiveCfg = Debug-Single|Win32
		{AF824871-ACB6-4F30-81D1-8C6BACC4ED11}.Debug-Single|x86.Build.0 = Debug-Single|Win32
		{AF824871-ACB6-4F30-81D1-8C6BACC4ED11}.Release|x64.ActiveCfg = Release|x64
		{AF824871-ACB6-4F30-81D1-8C6BACC4ED11}.Release|x64.Build.0 = Release|x64
		{AF824871-ACB6-4F30-81D1-8C6BACC4ED11}.Release|x86.ActiveCfg = Release|Win32
		{AF824871-ACB6-4F30-81D1-8C6BACC4ED11}.Release|x86.Build.0 = Release|Win32
		{AF824871-ACB6-4F30-81D1-8C6BACC4ED11}.Release-MemoryOnly|x64.ActiveCfg = Release|x64
		{AF824871-ACB6-4F30-81D1-8C6BACC4ED11}.Release-MemoryOnly|x64.Build.0 = Release|x64
		{AF824871-ACB6-4F30-81D1-8C6BACC4ED11}.Release-MemoryOnly|x86.ActiveCfg = Release|Win32
		{AF824871-ACB6-4F30-81D1-8C6BACC4ED11}.Release-MemoryOnly|x86.Build.0 = Release|Win32
		{AF824871-ACB6-4F30-81D1-8C6BACC4ED11}.Release-Single|x64.ActiveCfg = Release-Single|x64
		{AF824871-ACB6-4F30-81D1-8C6BACC4ED11}.Release-Single|x64.Build.0 = Release-Single|x64
		{AF824871-ACB6-4F30-81D1-8C6BACC4ED11}.Release-Single|x86.ActiveCfg = Release-Single|Win32
		{AF824871-ACB6-4F30-81D1-8C6BACC4ED11}.Release-Single|x86.Build.0 = Release-Single|Win32
		{C5DC037A-BA84-42EF-AF38-414A81EB7441}.Debug|x64.ActiveCfg = Debug|x64
		{C5DC037A-BA84-42EF-AF38-414A81EB7441}.Debug|x64.Build.0 = Debug|x64
		{C5DC037A-BA84-42EF-AF38-414A81EB7441}.Debug|x86.ActiveCfg = Debug|Win32
		{C5DC037A-BA84-42EF-AF38-414A81EB7441}.Debug|x86.Build.0 = Debug|Win32
		{C5DC037A-BA84-42EF-AF38-414A81EB7441}.Debug-MemoryOnly|x64.ActiveCfg = Debug|x64
		{C5DC037A-BA84-42EF-AF38-414A81EB7441}.Debug-MemoryOnly|x64.Build.0 = Debug|x64
		{C5DC037A-BA84-42EF-AF38-414A81EB7441}.Debug-MemoryOnly|x86.ActiveCfg = Debug|Win32
		{C5DC037A-BA84-42EF-AF38-414A81EB7441}.Debug-MemoryOnly|x86.Build.0 = Debug|Win32
		{C5DC037A-BA84-42EF-AF38-414A81EB7441}.Debug-Single|x64.ActiveCfg = Debug-Single|x64
		{C5DC037A-BA84-42EF-AF38-414A81EB7441}.Debug-Single|x64.Build.0 = Debug-Single|x64
		{C5DC037A-BA84-42EF-AF38-414A81EB7441}.Debug-Single|x86.ActiveCfg = Debug-Single|Win32
		{C5DC037A-BA84-42EF-AF38-414A81EB7441}.Debug-Single|x86.Build.0 = Debug-Single|Win32
		{C5DC037A-BA84-42EF-AF38-414A81EB7441}.Release|x64.ActiveCfg = Release|x64
		{C5DC037A-BA84-42EF-AF38-414A81EB7441}.Release|x64.Build.0 = Release|x64
		{C5DC037A-BA84-42EF-AF38-414A81EB7441}.Release|x86.ActiveCfg = Release|Win32
		{C5DC037A-BA84-42EF-AF38-414A81EB7441}.Release|x86.Build.0 = Release|Win32
		{C5DC037A-BA84-42EF-AF38-414A81EB7441}.Release-MemoryOnly|x64.ActiveCfg = Release|x64
		{C5DC037A-BA84-42EF-AF38-414A81EB7441}.Release-MemoryOnly|x64.Build.0 = Release|x64
		{C5DC037A-BA84-42EF-AF38-414A81EB7441}.Release-MemoryOnly|x86.ActiveCfg = Release|Win32
		{C5DC037A-BA84-42EF-AF38-414A81EB7441}.Release-MemoryOnly|x86.Build.0 = Release|Win32
		{C5DC037A-BA84-42EF-AF38-414A81EB7441}.Release-Single|x64.ActiveCfg = Release-Single|x64
		{C5DC037A-BA84-42EF-AF38-414A81EB7441}.Release-Single|x64.Build.0 = Release-Single|x64
		{C5DC037A-BA84-42EF-AF38-414A81EB7441}.Release-Single|x86.ActiveCfg = Release-Single|Win32
		{C5DC037A-BA84-42EF-AF38-414A81EB7441}.Release-Single|x86.Build.0 = Release-Single|Win32
		{ACA65581-0F59-4647-B52D-C04FA5D02CC2}.Debug|x64.ActiveCfg = Debug|x64
		{ACA65581-0F59-4647-B52D-C04FA5D02CC2}.Debug|x64.Build.0 = Debug|x64
		{ACA65581-0F59-4647-B52D-C04FA5D02CC2}.Debug|x86.ActiveCfg = Debug|Win32
		{ACA65581-0F59-4647-B52D-C04FA5D02CC2}.Debug|x86.Build.0 = Debug|Win32
		{ACA65581-0F59-4647-B52D-C04FA5D02CC2}.Debug-MemoryOnly|x64.ActiveCfg = Debug|x64
		{ACA65581-0F59-4647-B52D-C04FA5D02CC2}.Debug-MemoryOnly|x64.Build.0 = Debug|x64
		{ACA65581-0F59-4647-B52D-C04FA5D02CC2}.Debug-MemoryOnly|x86.ActiveCfg = Debug|Win32
		{ACA65581-0F59-4647-B52D-C04FA5D02CC2}.Debug-MemoryOnly|x86.Build.0 = Debug|Win32
		{ACA65581-0F59-4647-B52D-C04FA5D02CC2}.Debug-Single|x64.ActiveCfg = Debug-Single|x64
		{ACA65581-0F59-4647-B52D-C04FA5D02CC2}.Debug-Single|x64.Build.0 = Debug-Single|x64
		{ACA65581-0F59-4647-B52D-C04FA5D02CC2}.Debug-Single|x86.ActiveCfg = Debug-Single|Win32
		{ACA65581-0F59-4647-B52D-C04FA5D02CC2}.Debug-Single|x86.Build.0 = Debug-Single|Win32
		{ACA65581-0F59-4647-B52D-C04FA5D02CC2}.Release|x64.ActiveCfg = Release|x64
		{ACA65581-0F59-4647-B52D-C04FA5D02CC2}.Release|x64.Build.0 = Release|x64
		{ACA65581-0F59-4647-B52D-C04FA5D02CC2}.Release|x86.ActiveCfg = Release|Win32
		{ACA65581-0F59-4647-B52D-C04FA5D02CC2}.Release|x86.Build.0 = Release|Win32
		{ACA65581-0F59-4647-B52D-C04FA5D02CC2}.Release-MemoryOnly|x64.ActiveCfg = Release|x64
		{ACA65581-0F59-4647-B52D-C04FA5D02CC2}.Release-MemoryOnly|x64.Build.0 = Release|x64
		{ACA65581-0F59-4647-B52D-C04FA5D02CC2}.Release-MemoryOnly|x86.ActiveCfg = Release|Win32
		{ACA65581-0F59-4647-B52D-C04FA5D02CC2}.Release-MemoryOnly|x86.Build.0 = Release|Win32
		{ACA65581-0F59-4647-B52D-C04FA5D02CC2}.Release-Single|x64.ActiveCfg = Release-Single|x64
		{ACA65581-0F59-4647-B52D-C04FA5D02CC2}.Release-Single|x64.Build.0 = Release-Single|x64
		{ACA65581-0F59-4647-B52D-C04FA5D02CC2}.Release-Single|x86.ActiveCfg = Release-Single|Win32
		{ACA65581-0F59-4647-B52D-C04FA5D02CC2}.Release-Single|x86.Build.0 = Release-Single|Win32
		{626F7FB2-8095-4976-B86C-24536519F277}.Debug|x64.ActiveCfg = Debug|x64
		{626F7FB2-8095-4976-B86C-24536519F277}.Debug|x64.Build.0 = Debug|x64
		{626F7FB2-8095-4976-B86C-24536519F277}.Debug|x86.ActiveCfg = Debug|Win32
		{626F7FB2-8095-4976-B86C-24536519F277}.Debug|x86.Build.0 = Debug|Win32
		{626F7FB2-8095-4976-B86C-24536519F277}.Debug-MemoryOnly|x64.ActiveCfg = Debug-MemoryOnly|x64
		{626F7FB2-8095-4976-B86C-24536519F277}.Debug-MemoryOnly|x64.Build.0 = Debug-MemoryOnly|x64
		{626F7FB2-8095-4976-B86C-24536519F277}.Debug-MemoryOnly|x86.ActiveCfg = Debug-MemoryOnly|Win32
		{626F7FB2-8095-4976-B86C-24536519F277}.Debug-MemoryOnly|x86.Build.0 = Debug-MemoryOnly|Win32
		{626F7FB2-8095-4976-B86C-24536519F277}.Debug-Single|x64.ActiveCfg = Debug-Single|x64
		{626F7FB2-8095-4976-B86C-24536519F277}.Debug-Single|x64.Build.0 = Debug-Single|x64
		{626F7FB2-8095-4976-B86C-24536519F277}.Debug-Single|x86.ActiveCfg = Debug-Single|Win32
		{626F7FB2-8095-4976-B86C-24536519F277}.Debug-Single|x86.Build.0 = Debug-Single|Win32
		{626F7FB2-8095-4976-B86C-24536519F277}.Release|x64.ActiveCfg = Release|x64
		{626F7FB2-8095-4976-B86C-24536519F277}.Release|x64.Build.0 = Release|x64
		{626F7FB2-8095-4976-B86C-24536519F277}.Release|x86.ActiveCfg = Release|Win32
		{626F7FB2-8095-4976-B86C-24536519F277}.Release|x86.Build.0 = Release|Win32
		{626F7FB2-8095-4976-B86C-24536519F277}.Release-MemoryOnly|x64.ActiveCfg = Release-MemoryOnly|x64
		{626F7FB2-8095-4976-B86C-24536519F277}.Release-MemoryOnly|x64.Build.0 = Release-MemoryOnly|x64
		{626F7FB2-8095-4976-B86C-24536519F277}.Release-MemoryOnly|x86.ActiveCfg = Release-MemoryOnly|Win32
		{626F7FB2-8095-4976-B86C-24536519F277}.Release-MemoryOnly|x86.Build.0 = Release-MemoryOnly|Win32
		{626F7FB2-8095-4976-B86C-24536519F277}.Release-Single|x64.ActiveCfg = Release-Single|x64
		{626F7FB2-8095-4976-B86C-24536519F277}.Release-Single|x64.Build.0 = Release-Single|x64
		{626F7FB2-8095-4976-B86C-24536519F277}.Release-Single|x86.ActiveCfg = Release-Single|Win32
		{626F7FB2-8095-4976-B86C-24536519F277}.Release-Single|x86.Build.0 = Release-Single|Win32
		{08C2A778-5F07-4294-B534-507678AFDE2B}.Debug|x64.ActiveCfg = Debug|x64
		{08C2A778-5F07-4294-B534-507678AFDE2B}.Debug|x64.Build.0 = Debug|x64
		{08C2A778-5F07-4294-B534-507678AFDE2B}.Debug|x86.ActiveCfg = Debug|Win32
		{08C2A778-5F07-4294-B534-507678AFDE2B}.Debug|x86.Build.0 = Debug|Win32
		{08C2A778-5F07-4294-B534-507678AFDE2B}.Debug-MemoryOnly|x64.ActiveCfg = Debug-MemoryOnly|x64
		{08C2A778-5F07-4294-B534-507678AFDE2B}.Debug-MemoryOnly|x64.Build.0 = Debug-MemoryOnly|x64
		{08C2A778-5F07-4294-B534-507678AFDE2B}.Debug-MemoryOnly|x86.ActiveCfg = Debug-MemoryOnly|Win32
		{08C2A778-5F07-4294-B534-507678AFDE2B}.Debug-MemoryOnly|x86.Build.0 = Debug-MemoryOnly|Win32
		{08C2A778-5F07-4294-B534-507678AFDE2B}.Debug-Single|x64.ActiveCfg = Debug-Single|x64
		{08C2A778-5F07-4294-B534-507678AFDE2B}.Debug-Single|x64.Build.0 = Debug-Single|x64
		{08C2A778-5F07-4294-B534-507678AFDE2B}.Debug-Single|x86.ActiveCfg = Debug-Single|Win32
		{08C2A778-5F07-4294-B534-507678AFDE2B}.Debug-Single|x86.Build.0 = Debug-Single|Win32
		{08C2A778-5F07-4294-B534-507678AFDE2B}.Release|x64.ActiveCfg = Release|x64
		{08C2A778-5F07-4294-B534-507678AFDE2B}.Release|x64.Build.0 = Release|x64
		{08C2A778-5F07-4294-B534-507678AFDE2B}.Release|x86.ActiveCfg = Release|Win32
		{08C2A778-5F07-4294-B534-507678AFDE2B}.Release|x86.Build.0 = Release|Win32
		{08C2A778-5F07-4294-B534-507678AFDE2B}.Release-MemoryOnly|x64.ActiveCfg = Release-MemoryOnly|x64
		{08C2A778-5F07-4294-B534-507678AFDE2B}.Release-MemoryOnly|x64.Build.0 = Release-MemoryOnly|x64
		{08C2A778-5F07-4294-B534-507678AFDE2B}.Release-MemoryOnly|x86.ActiveCfg = Release-MemoryOnly|Win32
		{08C2A778-5F07-4294-B534-507678AFDE2B}.Release-MemoryOnly|x86.Build.0 = Release-MemoryOnly|Win32
		{08C2A778-5F07-4294-B534-507678AFDE2B}.Release-Single|x64.ActiveCfg = Release-Single|x64
		{08C2A778-5F07-4294-B534-507678AFDE2B}.Release-Single|x64.Build.0 = Release-Single|x64
		{08C2A778-5F07-4294-B534-507678AFDE2B}.Release-Single|x86.ActiveCfg = Release-Single|Win32
		{08C2A778-5F07-4294-B534-507678AFDE2B}.Release-Single|x86.Build.0 = Release-Single|Win32
		{993E547B-6D10-424C-A6AC-B556056ED80D}.Debug|x64.ActiveCfg = Debug|x64
		{993E547B-6D10-424C-A6AC-B556056ED80D}.Debug|x64.Build.0 = Debug|x64
		{993E547B-6D10-424C-A6AC-B556056ED80D}.Debug|x86.ActiveCfg = Debug|Win32
		{993E547B-6D10-424C-A6AC-B556056ED80D}.Debug|x86.Build.0 = Debug|Win32
		{993E547B-6D10-424C-A6AC-B556056ED80D}.Debug-MemoryOnly|x64.ActiveCfg = Debug|x64
		{993E547B-6D10-424C-A6AC-B556056ED80D}.Debug-MemoryOnly|x64.Build.0 = Debug|x64
		{993E547B-6D10-424C-A6AC-B556056ED80D}.Debug-MemoryOnly|x86.ActiveCfg = Debug|Win32
		{993E547B-6D10-424C-A6AC-B556056ED80D}.Debug-MemoryOnly|x86.Build.0 = Debug|Win32
		{993E547B-6D10-424C-A6AC-B556056ED80D}.Debug-Single|x64.ActiveCfg = Debug-Single|x64
		{993E547B-6D10-424C-A6AC-B556056ED80D}.Debug-Single|x64.Build.0 = Debug-Single|x64
		{993E547B-6D10-424C-A6AC-B556056ED80D}.Debug-Single|x86.ActiveCfg = Debug-Single|Win32
		{993E547B-6D10-424C-A6AC-B556056ED80D}.Debug-Single|x86.Build.0 = Debug-Single|Win32
		{993E547B-6D10-424C-A6AC-B556056ED80D}.Release|x64.ActiveCfg = Release|x64
		{993E547B-6D10-424C-A6AC-B556056ED80D}.Release|x64.Build.0 = Release|x64
		{993E547B-6D10-424C-A6AC-B556056ED80D}.Release|x86.ActiveCfg = Release|Win32
		{993E547B-6D10-424C-A6AC-B556056ED80D}.Release|x86.Build.0 = Release|Win32
		{993E547B-6D10-424C-A6AC-B556056ED80D}.Release-MemoryOnly|x64.ActiveCfg = Release|x64
		{993E547B-6D10-424C-A6AC-B556056ED80D}.Release-MemoryOnly|x64.Build.0 = Release|x64
		{993E547B-6D10-424C-A6AC-B556056ED80D}.Release-MemoryOnly|x86.ActiveCfg = Release|Win32
		{993E547B-6D10-424C-A6AC-B556056ED80D}.Release-MemoryOnly|x86.Build.0 = Release|Win32
		{993E547B-6D10-424C-A6AC-B556056ED80D}.Release-Single|x64.ActiveCfg = Release-Single|x64
		{993E547B-6D10-424C-A6AC-B556056ED80D}.Release-Single|x64.Build.0 = Release-Single|x64
		{993E547B-6D10-424C-A6AC-B556056ED80D}.Release-Single|x86.ActiveCfg = Release-Single|Win32
		{993E547B-6D10-424C-A6AC-B556056ED80D}.Release-Single|x86.Build.0 = Release-Single|Win32
		{B81DC0A8-C9C4-43AC-AB14-F2B6EEAF0EBA}.Debug|x64.ActiveCfg = Debug|x64
		{B81DC0A8-C9C4-43AC-AB14-F2B6EEAF0EBA}.Debug|x64.Build.0 = Debug|x64
		{B81DC0A8-C9C4-43AC-AB14-F2B6EEAF0EBA}.Debug|x86.ActiveCfg = Debug|Win32
		{B81DC0A8-C9C4-43AC-AB14-F2B6EEAF0EBA}.Debug|x86.Build.0 = Debug|Win32
		{B81DC0A8-C9C4-43AC-AB14-F2B6EEAF0EBA}.Debug-MemoryOnly|x64.ActiveCfg = Debug|x64
		{B81DC0A8-C9C4-43AC-AB14-F2B6EEAF0EBA}.Debug-MemoryOnly|x64.Build.0 = Debug|x64
		{B81DC0A8-C9C4-43AC-AB14-F2B6EEAF0EBA}.Debug-MemoryOnly|x86.ActiveCfg = Debug|Win32
		{B81DC0A8-C9C4-43AC-AB14-F2B6EEAF0EBA}.Debug-MemoryOnly|x86.Build.0 = Debug|Win32
		{B81DC0A8-C9C4-43AC-AB14-F2B6EEAF0EBA}.Debug-Single|x64.ActiveCfg = Debug-Single|x64
		{B81DC0A8-C9C4-43AC-AB14-F2B6EEAF0EBA}.Debug-Single|x64.Build.0 = Debug-Single|x64
		{B81DC0A8-C9C4-43AC-AB14-F2B6EEAF0EBA}.Debug-Single|x86.ActiveCfg = Debug-Single|Win32
		{B81DC0A8-C9C4-43AC-AB14-F2B6EEAF0EBA}.Debug-Single|x86.Build.0 = Debug-Single|Win32
		{B81DC0A8-C9C4-43AC-AB14-F2B6EEAF0EBA}.Release|x64.ActiveCfg = Release|x64
		{B81DC0A8-C9C4-43AC-AB14-F2B6EEAF0EBA}.Release|x64.Build.0 = Release|x64
		{B81DC0A8-C9C4-43AC-AB14-F2B6EEAF0EBA}.Release|x86.ActiveCfg = Release|Win32
		{B81DC0A8-C9C4-43AC-AB14-F2B6EEAF0EBA}.Release|x86.Build.0 = Release|Win32
		{B81DC0A8-C9C4-43AC-AB14-F2B6EEAF0EBA}.Release-MemoryOnly|x64.ActiveCfg = Release|x64
		{B81DC0A8-C9C4-43AC-AB14-F2B6EEAF0EBA}.Release-MemoryOnly|x64.Build.0 = Release|x64
		{B81DC0A8-C9C4-43AC-AB14-F2B6EEAF0EBA}.Release-MemoryOnly|x86.ActiveCfg = Release|Win32
		{B81DC0A8-C9C4-43AC-AB14-F2B6EEAF0EBA}.Release-MemoryOnly|x86.Build.0 = Release|Win32
		{B81DC0A8-C9C4-43AC-AB14-F2B6EEAF0EBA}.Release-Single|x64.ActiveCfg = Release-Single|x64
		{B81DC0A8-C9C4-43AC-AB14-F2B6EEAF0EBA}.Release-Single|x64.Build.0 = Release-Single|x64
		{B81DC0A8-C9C4-43AC-AB14-F2B6EEAF0EBA}.Release-Single|x86.ActiveCfg = Release-Single|Win32
		{B81DC0A8-C9C4-43AC-AB14-F2B6EEAF0EBA}.Release-Single|x86.Build.0 = Release-Single|Win32
		{C1927E6B-F27C-4A48-B073-61F6B14801AC}.Debug|x64.ActiveCfg = Debug|x64
		{C1927E6B-F27C-4A48-B073-61F6B14801AC}.Debug|x64.Build.0 = Debug|x64
		{C1927E6B-F27C-4A48-B073-61F6B14801AC}.Debug|x86.ActiveCfg = Debug|Win32
		{C1927E6B-F27C-4A48-B073-61F6B14801AC}.Debug|x86.Build.0 = Debug|Win32
		{C1927E6B-F27C-4A48-B073-61F6B14801AC}.Debug-MemoryOnly|x64.ActiveCfg = Debug|x64
		{C1927E6B-F27C-4A48-B073-61F6B14801AC}.Debug-MemoryOnly|x64.Build.0 = Debug|x64
		{C1927E6B-F27C-4A48-B073-61F6B14801AC}.Debug-MemoryOnly|x86.ActiveCfg = Debug|Win32
		{C1927E6B-F27C-4A48-B073-61F6B14801AC}.Debug-MemoryOnly|x86.Build.0 = Debug|Win32
		{C1927E6B-F27C-4A48-B073-61F6B14801AC}.Debug-Single|x64.ActiveCfg = Debug-Single|x64
		{C1927E6B-F27C-4A48-B073-61F6B14801AC}.Debug-Single|x64.Build.0 = Debug-Single|x64
		{C1927E6B-F27C-4A48-B073-61F6B14801AC}.Debug-Single|x86.ActiveCfg = Debug-Single|Win32
		{C1927E6B-F27C-4A48-B073-61F6B14801AC}.Debug-Single|x86.Build.0 = Debug-Single|Win32
		{C1927E6B-F27C-4A48-B073-61F6B14801AC}.Release|x64.ActiveCfg = Release|x64
		{C1927E6B-F27C-4A48-B073-61F6B14801AC}.Release|x64.Build.0 = Release|x64
		{C1927E6B-F27C-4A48-B073-61F6B14801AC}.Release|x86.ActiveCfg = Release|Win32
		{C1927E6B-F27C-4A48-B073-61F6B14801AC}.Release|x86.Build.0 = Release|Win32
		{C1927E6B-F27C-4A48-B073-61F6B14801AC}.Release-MemoryOnly|x64.ActiveCfg = Release|x64
		{C1927E6B-F27C-4A48-B073-61F6B14801AC}.Release-MemoryOnly|x64.Build.0 = Release|x64
		{C1927E6B-F27C-4A48-B073-61F6B14801AC}.Release-MemoryOnly|x86.ActiveCfg = Release|Win32
		{C1927E6B-F27C-4A48-B073-61F6B14801AC}.Release-MemoryOnly|x86.Build.0 = Release|Win32
		{C1927E6B-F27C-4A48-B073-61F6B14801AC}.Release-Single|x64.ActiveCfg = Release-Single|x64
		{C1927E6B-F27C-4A48-B073-61F6B14801AC}.Release-Single|x64.Build.0 = Release-Single|x64
		{C1927E6B-F27C-4A48-B073-61F6B14801AC}.Release-Single|x86.ActiveCfg = Release-Single|Win32
		{C1927E6B-F27C-4A48-B073-61F6B14801AC}.Release-Single|x86.Build.0 = Release-Single|Win32
		{67230F11-783B-41D8-896F-D1517E8DC22C}.Debug|x64.ActiveCfg = Debug|x64
		{67230F11-783B-41D8-896F-D1517E8DC22C}.Debug|x64.Build.0 = Debug|x64
		{67230F11-783B-41D8-896F-D1517E8DC22C}.Debug|x86.ActiveCfg = Debug|Win32
		{67230F11-783B-41D8-896F-D1517E8DC22C}.Debug|x86.Build.0 = Debug|Win32
		{67230F11-783B-41D8-896F-D1517E8DC22C}.Debug-MemoryOnly|x64.ActiveCfg = Debug|x64
		{67230F11-783B-41D8-896F-D1517E8DC22C}.Debug-MemoryOnly|x64.Build.0 = Debug|x64
		{67230F11-783B-41D8-896F-D1517E8DC22C}.Debug-MemoryOnly|x86.ActiveCfg = Debug|Win32
		{67230F11-783B-41D8-896F-D1517E8DC22C}.Debug-MemoryOnly|x86.Build.0 = Debug|Win32
		{67230F11-783B-41D8-896F-D1517E8DC22C}.Debug-Single|x64.ActiveCfg = Debug-Single|x64
		{67230F11-783B-41D8-896F-D1517E8DC22C}.Debug-Single|x64.Build.0 = Debug-Single|x64
		{67230F11-783B-41D8-896F-D1517E8DC22C}.Debug-Single|x86.ActiveCfg = Debug-Single|Win32
		{67230F11-783B-41D8-896F-D1517E8DC22C}.Debug-Single|x86.Build.0 = Debug-Single|Win32
		{67230F11-783B-41D8-896F-D1517E8DC22C}.Release|x64.ActiveCfg = Release|x64
		{67230F11-783B-41D8-896F-D1517E8DC22C}.Release|x64.Build.0 = Release|x64
		{67230F11-783B-41D8-896F-D1517E8DC22C}.Release|x86.ActiveCfg = Release|Win32
		{67230F11-783B-41D8-896F-D1517E8DC22C}.Release|x86.Build.0 = Release|Win32
		{67230F11-783B-41D8-896F-D1517E8DC22C}.Release-MemoryOnly|x64.ActiveCfg = Release|x64
		{67230F11-783B-41D8-896F-D1517E8DC22C}.Release-MemoryOnly|x64.Build.0 = Release|x64
		{67230F11-783B-41D8-896F-D1517E8DC22C}.Release-MemoryOnly|x86.ActiveCfg = Release|Win32
		{67230F11-783B-41D8-896F-D1517E8DC22C}.Release-MemoryOnly|x86.Build.0 = Release|Win32
		{67230F11-783B-41D8-896F-D1517E8DC22C}.Release-Single|x64.ActiveCfg = Release-Single|x64
		{67230F11-783B-41D8-896F-D1517E8DC22C}.Release-Single|x64.Build.0 = Release-Single|x64
		{67230F11-783B-41D8-896F-D1517E8DC22C}.Release-Single|x86.ActiveCfg = Release-Single|Win32
		{67230F11-783B-41D8-896F-D1517E8DC22C}.Release-Single|x86.Build.0 = Release-Single|Win32
		{47BBD73B-9F66-45ED-87B9-2FC8439E6985}.Debug|x64.ActiveCfg = Debug|x64
		{47BBD73B-9F66-45ED-87B9-2FC8439E6985}.Debug|x64.Build.0 = Debug|x64
		{47BBD73B-9F66-45ED-87B9-2FC8439E6985}.Debug|x86.ActiveCfg = Debug|Win32
		{47BBD73B-9F66-45ED-87B9-2FC8439E6985}.Debug|x86.Build.0 = Debug|Win32
		{47BBD73B-9F66-45ED-87B9-2FC8439E6985}.Debug-MemoryOnly|x64.ActiveCfg = Debug|x64
		{47BBD73B-9F66-45ED-87B9-2FC8439E6985}.Debug-MemoryOnly|x64.Build.0 = Debug|x64
		{47BBD73B-9F66-45ED-87B9-2FC8439E6985}.Debug-MemoryOnly|x86.ActiveCfg = Debug|Win32
		{47BBD73B-9F66-45ED-87B9-2FC8439E6985}.Debug-MemoryOnly|x86.Build.0 = Debug|Win32
		{47BBD73B-9F66-45ED-87B9-2FC8439E6985}.Debug-Single|x64.ActiveCfg = Debug-Single|x64
		{47BBD73B-9F66-45ED-87B9-2FC8439E6985}.Debug-Single|x64.Build.0 = Debug-Single|x64
		{47BBD73B-9F66-45ED-87B9-2FC8439E6985}.Debug-Single|x86.ActiveCfg = Debug-Single|Win32
		{47BBD73B-9F66-45ED-87B9-2FC8439E6985}.Debug-Single|x86.Build.0 = Debug-Single|Win32
		{47BBD73B-9F66-45ED-87B9-2FC8439E6985}.Release|x64.ActiveCfg = Release|x64
		{47BBD73B-9F66-45ED-87B9-2FC8439E6985}.Release|x64.Build.0 = Release|x64
		{47BBD73B-9F66-45ED-87B9-2FC8439E6985}.Release|x86.ActiveCfg = Release|Win32
		{47BBD73B-9F66-45ED-87B9-2FC8439E6985}.Release|x86.Build.0 = Release|Win32
		{47BBD73B-9F66-45ED-87B9-2FC8439E6985}.Release-MemoryOnly|x64.ActiveCfg = Release|x64
		{47BBD73B-9F66-45ED-87B9-2FC8439E6985}.Release-MemoryOnly|x64.Build.0 = Release|x64
		{47BBD73B-9F66-45ED-87B9-2FC8439E6985}.Release-MemoryOnly|x86.ActiveCfg = Release|Win32
		{47BBD73B-9F66-45ED-87B9-2FC8439E6985}.Release-MemoryOnly|x86.Build.0 = Release|Win32
		{47BBD73B-9F66-45ED-87B9-2FC8439E6985}.Release-Single|x64.ActiveCfg = Release-Single|x64
		{47BBD73B-9F66-45ED-87B9-2FC8439E6985}.Release-Single|x64.Build.0 = Release-Single|x64
		{47BBD73B-9F66-45ED-87B9-2FC8439E6985}.Release-Single|x86.ActiveCfg = Release-Single|Win32
		{47BBD73B-9F66-45ED-87B9-2FC8439E6985}.Release-Single|x86.Build.0 = Release-Single|Win32
	EndGlobalSection
	GlobalSection(SolutionProperties) = preSolution
		HideSolutionNode = FALSE
	EndGlobalSection
	GlobalSection(NestedProjects) = preSolution
		{EF8F4935-8D8B-49DD-99F3-629994EBF1FA} = {115D7BD8-A499-4F9F-B5D0-9DB2CBD9B8D8}
		{B4C2ADEE-0621-4959-8ABD-8D82D4E60077} = {115D7BD8-A499-4F9F-B5D0-9DB2CBD9B8D8}
		{341FD8CB-9456-4711-BEC8-C4A218FA1C6C} = {7D3E2592-DB83-4310-9106-6BDA2F40C332}
		{EDDF7B03-A483-4B52-9234-4585AF17B284} = {7D3E2592-DB83-4310-9106-6BDA2F40C332}
		{C7554674-AC5E-4A29-97DB-3FF11297D14B} = {EF8F4935-8D8B-49DD-99F3-629994EBF1FA}
		{7585E7A9-561E-4DE8-BF3E-92976B1D9841} = {EF8F4935-8D8B-49DD-99F3-629994EBF1FA}
		{A4C28EA8-3257-4F80-915C-212F7B8BB66E} = {EF8F4935-8D8B-49DD-99F3-629994EBF1FA}
		{789EA3F7-7EF3-467B-B401-F6F5D39A17F8} = {EF8F4935-8D8B-49DD-99F3-629994EBF1FA}
		{BD5F447C-E80D-4418-836F-F5DD9A2037AF} = {EF8F4935-8D8B-49DD-99F3-629994EBF1FA}
		{28E45A8A-C3D7-46FC-B563-B6E353CCD970} = {EF8F4935-8D8B-49DD-99F3-629994EBF1FA}
		{8AEABE6B-8BE6-4B21-97BD-A3C3C7276CD7} = {EF8F4935-8D8B-49DD-99F3-629994EBF1FA}
		{08C02792-FE84-4D92-BE4C-1C0171328F27} = {EF8F4935-8D8B-49DD-99F3-629994EBF1FA}
		{BE731A07-E830-4089-8C74-450D38048163} = {EF8F4935-8D8B-49DD-99F3-629994EBF1FA}
		{F56D1795-93B0-4480-AEBD-FF2F1A70E4D3} = {B4C2ADEE-0621-4959-8ABD-8D82D4E60077}
		{5DECEEFD-EEC2-4E5A-A2C1-EEDA1E5B4F42} = {B4C2ADEE-0621-4959-8ABD-8D82D4E60077}
		{FB4580BD-7ACE-48C7-BA82-31E218758F58} = {B4C2ADEE-0621-4959-8ABD-8D82D4E60077}
		{AF824871-ACB6-4F30-81D1-8C6BACC4ED11} = {B4C2ADEE-0621-4959-8ABD-8D82D4E60077}
		{C5DC037A-BA84-42EF-AF38-414A81EB7441} = {B4C2ADEE-0621-4959-8ABD-8D82D4E60077}
		{ACA65581-0F59-4647-B52D-C04FA5D02CC2} = {B4C2ADEE-0621-4959-8ABD-8D82D4E60077}
		{626F7FB2-8095-4976-B86C-24536519F277} = {06EAB0A1-E596-43D4-937B-E31E21C24891}
		{08C2A778-5F07-4294-B534-507678AFDE2B} = {06EAB0A1-E596-43D4-937B-E31E21C24891}
		{993E547B-6D10-424C-A6AC-B556056ED80D} = {7D3E2592-DB83-4310-9106-6BDA2F40C332}
		{B81DC0A8-C9C4-43AC-AB14-F2B6EEAF0EBA} = {EF8F4935-8D8B-49DD-99F3-629994EBF1FA}
		{C1927E6B-F27C-4A48-B073-61F6B14801AC} = {B4C2ADEE-0621-4959-8ABD-8D82D4E60077}
		{67230F11-783B-41D8-896F-D1517E8DC22C} = {22E6561A-C8CB-4759-B75A-6CD9B8DA56E3}
		{47BBD73B-9F66-45ED-87B9-2FC8439E6985} = {22E6561A-C8CB-4759-B75A-6CD9B8DA56E3}
	EndGlobalSection
	GlobalSection(ExtensibilityGlobals) = postSolution
		SolutionGuid = {892DA3D2-4675-4E26-9A2F-B61FBAA43316}
	EndGlobalSection
EndGlobal
